// !$*UTF8*$!
{
	archiveVersion = 1;
	classes = {
	};
	objectVersion = 56;
	objects = {

/* Begin PBXBuildFile section */
		043728E029FA89DA004C44C6 /* CategoryHome.swift in Sources */ = {isa = PBXBuildFile; fileRef = 043728DF29FA89DA004C44C6 /* CategoryHome.swift */; };
		043728E229FA8BD2004C44C6 /* CategoryRow.swift in Sources */ = {isa = PBXBuildFile; fileRef = 043728E129FA8BD2004C44C6 /* CategoryRow.swift */; };
		043728E429FA8F18004C44C6 /* CategoryItem.swift in Sources */ = {isa = PBXBuildFile; fileRef = 043728E329FA8F18004C44C6 /* CategoryItem.swift */; };
		043728E729FA97E7004C44C6 /* Profile.swift in Sources */ = {isa = PBXBuildFile; fileRef = 043728E629FA97E7004C44C6 /* Profile.swift */; };
		043728EA29FA98C8004C44C6 /* ProfileHost.swift in Sources */ = {isa = PBXBuildFile; fileRef = 043728E929FA98C8004C44C6 /* ProfileHost.swift */; };
		043728EC29FA997E004C44C6 /* ProfileSummary.swift in Sources */ = {isa = PBXBuildFile; fileRef = 043728EB29FA997E004C44C6 /* ProfileSummary.swift */; };
		043728F029FA99F1004C44C6 /* HikeBadge.swift in Sources */ = {isa = PBXBuildFile; fileRef = 043728EF29FA99F1004C44C6 /* HikeBadge.swift */; };
		043728F229FAA0FC004C44C6 /* ProfileEditor.swift in Sources */ = {isa = PBXBuildFile; fileRef = 043728F129FAA0FC004C44C6 /* ProfileEditor.swift */; };
		043728F529FAA3AF004C44C6 /* PageViewController.swift in Sources */ = {isa = PBXBuildFile; fileRef = 043728F429FAA3AF004C44C6 /* PageViewController.swift */; };
		043728F729FAA45D004C44C6 /* FeatureCard.swift in Sources */ = {isa = PBXBuildFile; fileRef = 043728F629FAA45D004C44C6 /* FeatureCard.swift */; };
		043728F929FAA497004C44C6 /* PageView.swift in Sources */ = {isa = PBXBuildFile; fileRef = 043728F829FAA497004C44C6 /* PageView.swift */; };
		043728FB29FAA64F004C44C6 /* PageControl.swift in Sources */ = {isa = PBXBuildFile; fileRef = 043728FA29FAA64F004C44C6 /* PageControl.swift */; };
		04C7D88229E8E7BD006F8499 /* _706012110014_DevanoAnggara_AFL3App.swift in Sources */ = {isa = PBXBuildFile; fileRef = 04C7D88129E8E7BD006F8499 /* _706012110014_DevanoAnggara_AFL3App.swift */; };
		04C7D88429E8E7BD006F8499 /* ContentView.swift in Sources */ = {isa = PBXBuildFile; fileRef = 04C7D88329E8E7BD006F8499 /* ContentView.swift */; };
		04C7D88629E8E7C0006F8499 /* Assets.xcassets in Resources */ = {isa = PBXBuildFile; fileRef = 04C7D88529E8E7C0006F8499 /* Assets.xcassets */; };
		04C7D88929E8E7C0006F8499 /* Preview Assets.xcassets in Resources */ = {isa = PBXBuildFile; fileRef = 04C7D88829E8E7C0006F8499 /* Preview Assets.xcassets */; };
		04C7D89329E8E7C0006F8499 /* _706012110014_DevanoAnggara_AFL3Tests.swift in Sources */ = {isa = PBXBuildFile; fileRef = 04C7D89229E8E7C0006F8499 /* _706012110014_DevanoAnggara_AFL3Tests.swift */; };
		04C7D89D29E8E7C0006F8499 /* _706012110014_DevanoAnggara_AFL3UITests.swift in Sources */ = {isa = PBXBuildFile; fileRef = 04C7D89C29E8E7C0006F8499 /* _706012110014_DevanoAnggara_AFL3UITests.swift */; };
		04C7D89F29E8E7C0006F8499 /* _706012110014_DevanoAnggara_AFL3UITestsLaunchTests.swift in Sources */ = {isa = PBXBuildFile; fileRef = 04C7D89E29E8E7C0006F8499 /* _706012110014_DevanoAnggara_AFL3UITestsLaunchTests.swift */; };
		04C7D8AC29E8EB32006F8499 /* Landamark.swift in Sources */ = {isa = PBXBuildFile; fileRef = 04C7D8AB29E8EB32006F8499 /* Landamark.swift */; };
		04C7D8AE29E8EB4F006F8499 /* CreatingAndCombiningViews in Resources */ = {isa = PBXBuildFile; fileRef = 04C7D8AD29E8EB4F006F8499 /* CreatingAndCombiningViews */; };
		04C7D8B129E8EC70006F8499 /* CircleImge.swift in Sources */ = {isa = PBXBuildFile; fileRef = 04C7D8B029E8EC70006F8499 /* CircleImge.swift */; };
		04C7D8B329E8ECD9006F8499 /* MapView.swift in Sources */ = {isa = PBXBuildFile; fileRef = 04C7D8B229E8ECD9006F8499 /* MapView.swift */; };
		04C7D8B529E8EF35006F8499 /* BuildingListsAndNavigation in Resources */ = {isa = PBXBuildFile; fileRef = 04C7D8B429E8EF35006F8499 /* BuildingListsAndNavigation */; };
		04C7D8B729E8EF86006F8499 /* landmarkData.json in Resources */ = {isa = PBXBuildFile; fileRef = 04C7D8B629E8EF86006F8499 /* landmarkData.json */; };
		04C7D8C329E8F074006F8499 /* ModelData.swift in Sources */ = {isa = PBXBuildFile; fileRef = 04C7D8C229E8F074006F8499 /* ModelData.swift */; };
		04C7D8CA29E8F226006F8499 /* LandmarkRow.swift in Sources */ = {isa = PBXBuildFile; fileRef = 04C7D8C929E8F226006F8499 /* LandmarkRow.swift */; };
		04C7D8CC29E8F30B006F8499 /* LandmarkList.swift in Sources */ = {isa = PBXBuildFile; fileRef = 04C7D8CB29E8F30B006F8499 /* LandmarkList.swift */; };
		04C7D8D029E8F416006F8499 /* LandmarkDetail.swift in Sources */ = {isa = PBXBuildFile; fileRef = 04C7D8CF29E8F416006F8499 /* LandmarkDetail.swift */; };
		04C7D8D229E8FAB1006F8499 /* FavoriteButton.swift in Sources */ = {isa = PBXBuildFile; fileRef = 04C7D8D129E8FAB1006F8499 /* FavoriteButton.swift */; };
		04C7D8D629E8FE2D006F8499 /* HexagonParameters.swift in Sources */ = {isa = PBXBuildFile; fileRef = 04C7D8D529E8FE2D006F8499 /* HexagonParameters.swift */; };
		04C7D8D829E8FE9A006F8499 /* BadgeBackground.swift in Sources */ = {isa = PBXBuildFile; fileRef = 04C7D8D729E8FE9A006F8499 /* BadgeBackground.swift */; };
		04C7D8EE29E9005E006F8499 /* DrawingPathsAndShapes 2 in Resources */ = {isa = PBXBuildFile; fileRef = 04C7D8ED29E9005E006F8499 /* DrawingPathsAndShapes 2 */; };
		04C7D8F029E90108006F8499 /* BadgeSymbol.swift in Sources */ = {isa = PBXBuildFile; fileRef = 04C7D8EF29E90108006F8499 /* BadgeSymbol.swift */; };
		04C7D8F229E9017A006F8499 /* RotateBadgeSymbol.swift in Sources */ = {isa = PBXBuildFile; fileRef = 04C7D8F129E9017A006F8499 /* RotateBadgeSymbol.swift */; };
		04C7D8F429E9019E006F8499 /* Badge.swift in Sources */ = {isa = PBXBuildFile; fileRef = 04C7D8F329E9019E006F8499 /* Badge.swift */; };
		04EEC2AB29FA7A51004DE24D /* Hike.swift in Sources */ = {isa = PBXBuildFile; fileRef = 04EEC2AA29FA7A51004DE24D /* Hike.swift */; };
		04EEC2B729FA7CBD004DE24D /* GraphCapsule.swift in Sources */ = {isa = PBXBuildFile; fileRef = 04EEC2B329FA7CBD004DE24D /* GraphCapsule.swift */; };
		04EEC2B829FA7CBD004DE24D /* HikeGraph.swift in Sources */ = {isa = PBXBuildFile; fileRef = 04EEC2B429FA7CBD004DE24D /* HikeGraph.swift */; };
		04EEC2B929FA7CBD004DE24D /* HikeDetail.swift in Sources */ = {isa = PBXBuildFile; fileRef = 04EEC2B529FA7CBD004DE24D /* HikeDetail.swift */; };
		04EEC2BA29FA7CBD004DE24D /* HikeView.swift in Sources */ = {isa = PBXBuildFile; fileRef = 04EEC2B629FA7CBD004DE24D /* HikeView.swift */; };
		04EEC2BC29FA7D2A004DE24D /* hikeData.json in Resources */ = {isa = PBXBuildFile; fileRef = 04EEC2BB29FA7D2A004DE24D /* hikeData.json */; };
/* End PBXBuildFile section */

/* Begin PBXContainerItemProxy section */
		04C7D88F29E8E7C0006F8499 /* PBXContainerItemProxy */ = {
			isa = PBXContainerItemProxy;
			containerPortal = 04C7D87629E8E7BD006F8499 /* Project object */;
			proxyType = 1;
			remoteGlobalIDString = 04C7D87D29E8E7BD006F8499;
			remoteInfo = "0706012110014-DevanoAnggara-AFL3";
		};
		04C7D89929E8E7C0006F8499 /* PBXContainerItemProxy */ = {
			isa = PBXContainerItemProxy;
			containerPortal = 04C7D87629E8E7BD006F8499 /* Project object */;
			proxyType = 1;
			remoteGlobalIDString = 04C7D87D29E8E7BD006F8499;
			remoteInfo = "0706012110014-DevanoAnggara-AFL3";
		};
/* End PBXContainerItemProxy section */

/* Begin PBXFileReference section */
		043728DF29FA89DA004C44C6 /* CategoryHome.swift */ = {isa = PBXFileReference; lastKnownFileType = sourcecode.swift; path = CategoryHome.swift; sourceTree = "<group>"; };
		043728E129FA8BD2004C44C6 /* CategoryRow.swift */ = {isa = PBXFileReference; lastKnownFileType = sourcecode.swift; path = CategoryRow.swift; sourceTree = "<group>"; };
		043728E329FA8F18004C44C6 /* CategoryItem.swift */ = {isa = PBXFileReference; lastKnownFileType = sourcecode.swift; path = CategoryItem.swift; sourceTree = "<group>"; };
		043728E629FA97E7004C44C6 /* Profile.swift */ = {isa = PBXFileReference; lastKnownFileType = sourcecode.swift; path = Profile.swift; sourceTree = "<group>"; };
		043728E929FA98C8004C44C6 /* ProfileHost.swift */ = {isa = PBXFileReference; lastKnownFileType = sourcecode.swift; path = ProfileHost.swift; sourceTree = "<group>"; };
		043728EB29FA997E004C44C6 /* ProfileSummary.swift */ = {isa = PBXFileReference; lastKnownFileType = sourcecode.swift; path = ProfileSummary.swift; sourceTree = "<group>"; };
		043728EF29FA99F1004C44C6 /* HikeBadge.swift */ = {isa = PBXFileReference; lastKnownFileType = sourcecode.swift; path = HikeBadge.swift; sourceTree = "<group>"; };
		043728F129FAA0FC004C44C6 /* ProfileEditor.swift */ = {isa = PBXFileReference; lastKnownFileType = sourcecode.swift; path = ProfileEditor.swift; sourceTree = "<group>"; };
		043728F429FAA3AF004C44C6 /* PageViewController.swift */ = {isa = PBXFileReference; lastKnownFileType = sourcecode.swift; path = PageViewController.swift; sourceTree = "<group>"; };
		043728F629FAA45D004C44C6 /* FeatureCard.swift */ = {isa = PBXFileReference; lastKnownFileType = sourcecode.swift; path = FeatureCard.swift; sourceTree = "<group>"; };
		043728F829FAA497004C44C6 /* PageView.swift */ = {isa = PBXFileReference; lastKnownFileType = sourcecode.swift; path = PageView.swift; sourceTree = "<group>"; };
		043728FA29FAA64F004C44C6 /* PageControl.swift */ = {isa = PBXFileReference; lastKnownFileType = sourcecode.swift; path = PageControl.swift; sourceTree = "<group>"; };
		04C7D87E29E8E7BD006F8499 /* 0706012110014-DevanoAnggara-AFL3.app */ = {isa = PBXFileReference; explicitFileType = wrapper.application; includeInIndex = 0; path = "0706012110014-DevanoAnggara-AFL3.app"; sourceTree = BUILT_PRODUCTS_DIR; };
		04C7D88129E8E7BD006F8499 /* _706012110014_DevanoAnggara_AFL3App.swift */ = {isa = PBXFileReference; lastKnownFileType = sourcecode.swift; path = _706012110014_DevanoAnggara_AFL3App.swift; sourceTree = "<group>"; };
		04C7D88329E8E7BD006F8499 /* ContentView.swift */ = {isa = PBXFileReference; lastKnownFileType = sourcecode.swift; path = ContentView.swift; sourceTree = "<group>"; };
		04C7D88529E8E7C0006F8499 /* Assets.xcassets */ = {isa = PBXFileReference; lastKnownFileType = folder.assetcatalog; path = Assets.xcassets; sourceTree = "<group>"; };
		04C7D88829E8E7C0006F8499 /* Preview Assets.xcassets */ = {isa = PBXFileReference; lastKnownFileType = folder.assetcatalog; path = "Preview Assets.xcassets"; sourceTree = "<group>"; };
		04C7D88E29E8E7C0006F8499 /* 0706012110014-DevanoAnggara-AFL3Tests.xctest */ = {isa = PBXFileReference; explicitFileType = wrapper.cfbundle; includeInIndex = 0; path = "0706012110014-DevanoAnggara-AFL3Tests.xctest"; sourceTree = BUILT_PRODUCTS_DIR; };
		04C7D89229E8E7C0006F8499 /* _706012110014_DevanoAnggara_AFL3Tests.swift */ = {isa = PBXFileReference; lastKnownFileType = sourcecode.swift; path = _706012110014_DevanoAnggara_AFL3Tests.swift; sourceTree = "<group>"; };
		04C7D89829E8E7C0006F8499 /* 0706012110014-DevanoAnggara-AFL3UITests.xctest */ = {isa = PBXFileReference; explicitFileType = wrapper.cfbundle; includeInIndex = 0; path = "0706012110014-DevanoAnggara-AFL3UITests.xctest"; sourceTree = BUILT_PRODUCTS_DIR; };
		04C7D89C29E8E7C0006F8499 /* _706012110014_DevanoAnggara_AFL3UITests.swift */ = {isa = PBXFileReference; lastKnownFileType = sourcecode.swift; path = _706012110014_DevanoAnggara_AFL3UITests.swift; sourceTree = "<group>"; };
		04C7D89E29E8E7C0006F8499 /* _706012110014_DevanoAnggara_AFL3UITestsLaunchTests.swift */ = {isa = PBXFileReference; lastKnownFileType = sourcecode.swift; path = _706012110014_DevanoAnggara_AFL3UITestsLaunchTests.swift; sourceTree = "<group>"; };
		04C7D8AB29E8EB32006F8499 /* Landamark.swift */ = {isa = PBXFileReference; lastKnownFileType = sourcecode.swift; path = Landamark.swift; sourceTree = "<group>"; };
		04C7D8AD29E8EB4F006F8499 /* CreatingAndCombiningViews */ = {isa = PBXFileReference; lastKnownFileType = folder; path = CreatingAndCombiningViews; sourceTree = "<group>"; };
		04C7D8B029E8EC70006F8499 /* CircleImge.swift */ = {isa = PBXFileReference; lastKnownFileType = sourcecode.swift; path = CircleImge.swift; sourceTree = "<group>"; };
		04C7D8B229E8ECD9006F8499 /* MapView.swift */ = {isa = PBXFileReference; lastKnownFileType = sourcecode.swift; path = MapView.swift; sourceTree = "<group>"; };
		04C7D8B429E8EF35006F8499 /* BuildingListsAndNavigation */ = {isa = PBXFileReference; lastKnownFileType = folder; path = BuildingListsAndNavigation; sourceTree = "<group>"; };
		04C7D8B629E8EF86006F8499 /* landmarkData.json */ = {isa = PBXFileReference; fileEncoding = 4; lastKnownFileType = text.json; path = landmarkData.json; sourceTree = "<group>"; };
		04C7D8C229E8F074006F8499 /* ModelData.swift */ = {isa = PBXFileReference; lastKnownFileType = sourcecode.swift; path = ModelData.swift; sourceTree = "<group>"; };
		04C7D8C929E8F226006F8499 /* LandmarkRow.swift */ = {isa = PBXFileReference; lastKnownFileType = sourcecode.swift; path = LandmarkRow.swift; sourceTree = "<group>"; };
		04C7D8CB29E8F30B006F8499 /* LandmarkList.swift */ = {isa = PBXFileReference; lastKnownFileType = sourcecode.swift; path = LandmarkList.swift; sourceTree = "<group>"; };
		04C7D8CF29E8F416006F8499 /* LandmarkDetail.swift */ = {isa = PBXFileReference; lastKnownFileType = sourcecode.swift; path = LandmarkDetail.swift; sourceTree = "<group>"; };
		04C7D8D129E8FAB1006F8499 /* FavoriteButton.swift */ = {isa = PBXFileReference; lastKnownFileType = sourcecode.swift; path = FavoriteButton.swift; sourceTree = "<group>"; };
		04C7D8D529E8FE2D006F8499 /* HexagonParameters.swift */ = {isa = PBXFileReference; lastKnownFileType = sourcecode.swift; path = HexagonParameters.swift; sourceTree = "<group>"; };
		04C7D8D729E8FE9A006F8499 /* BadgeBackground.swift */ = {isa = PBXFileReference; lastKnownFileType = sourcecode.swift; path = BadgeBackground.swift; sourceTree = "<group>"; };
		04C7D8ED29E9005E006F8499 /* DrawingPathsAndShapes 2 */ = {isa = PBXFileReference; lastKnownFileType = folder; path = "DrawingPathsAndShapes 2"; sourceTree = "<group>"; };
		04C7D8EF29E90108006F8499 /* BadgeSymbol.swift */ = {isa = PBXFileReference; lastKnownFileType = sourcecode.swift; path = BadgeSymbol.swift; sourceTree = "<group>"; };
		04C7D8F129E9017A006F8499 /* RotateBadgeSymbol.swift */ = {isa = PBXFileReference; lastKnownFileType = sourcecode.swift; path = RotateBadgeSymbol.swift; sourceTree = "<group>"; };
		04C7D8F329E9019E006F8499 /* Badge.swift */ = {isa = PBXFileReference; lastKnownFileType = sourcecode.swift; path = Badge.swift; sourceTree = "<group>"; };
		04EEC2AA29FA7A51004DE24D /* Hike.swift */ = {isa = PBXFileReference; lastKnownFileType = sourcecode.swift; path = Hike.swift; sourceTree = "<group>"; };
		04EEC2B329FA7CBD004DE24D /* GraphCapsule.swift */ = {isa = PBXFileReference; fileEncoding = 4; lastKnownFileType = sourcecode.swift; path = GraphCapsule.swift; sourceTree = "<group>"; };
		04EEC2B429FA7CBD004DE24D /* HikeGraph.swift */ = {isa = PBXFileReference; fileEncoding = 4; lastKnownFileType = sourcecode.swift; path = HikeGraph.swift; sourceTree = "<group>"; };
		04EEC2B529FA7CBD004DE24D /* HikeDetail.swift */ = {isa = PBXFileReference; fileEncoding = 4; lastKnownFileType = sourcecode.swift; path = HikeDetail.swift; sourceTree = "<group>"; };
		04EEC2B629FA7CBD004DE24D /* HikeView.swift */ = {isa = PBXFileReference; fileEncoding = 4; lastKnownFileType = sourcecode.swift; path = HikeView.swift; sourceTree = "<group>"; };
		04EEC2BB29FA7D2A004DE24D /* hikeData.json */ = {isa = PBXFileReference; fileEncoding = 4; lastKnownFileType = text.json; path = hikeData.json; sourceTree = "<group>"; };
/* End PBXFileReference section */

/* Begin PBXFrameworksBuildPhase section */
		04C7D87B29E8E7BD006F8499 /* Frameworks */ = {
			isa = PBXFrameworksBuildPhase;
			buildActionMask = 2147483647;
			files = (
			);
			runOnlyForDeploymentPostprocessing = 0;
		};
		04C7D88B29E8E7C0006F8499 /* Frameworks */ = {
			isa = PBXFrameworksBuildPhase;
			buildActionMask = 2147483647;
			files = (
			);
			runOnlyForDeploymentPostprocessing = 0;
		};
		04C7D89529E8E7C0006F8499 /* Frameworks */ = {
			isa = PBXFrameworksBuildPhase;
			buildActionMask = 2147483647;
			files = (
			);
			runOnlyForDeploymentPostprocessing = 0;
		};
/* End PBXFrameworksBuildPhase section */

/* Begin PBXGroup section */
		043728E529FA97C5004C44C6 /* Category */ = {
			isa = PBXGroup;
			children = (
				043728E329FA8F18004C44C6 /* CategoryItem.swift */,
				043728E129FA8BD2004C44C6 /* CategoryRow.swift */,
				043728DF29FA89DA004C44C6 /* CategoryHome.swift */,
			);
			path = Category;
			sourceTree = "<group>";
		};
		043728E829FA98AD004C44C6 /* Profiles */ = {
			isa = PBXGroup;
			children = (
				043728E929FA98C8004C44C6 /* ProfileHost.swift */,
				043728EB29FA997E004C44C6 /* ProfileSummary.swift */,
				043728F129FAA0FC004C44C6 /* ProfileEditor.swift */,
			);
			path = Profiles;
			sourceTree = "<group>";
		};
		043728F329FAA390004C44C6 /* PageView */ = {
			isa = PBXGroup;
			children = (
				043728F429FAA3AF004C44C6 /* PageViewController.swift */,
				043728F829FAA497004C44C6 /* PageView.swift */,
				043728FA29FAA64F004C44C6 /* PageControl.swift */,
			);
			path = PageView;
			sourceTree = "<group>";
		};
		04C7D87529E8E7BD006F8499 = {
			isa = PBXGroup;
			children = (
				04C7D8ED29E9005E006F8499 /* DrawingPathsAndShapes 2 */,
				04C7D8B429E8EF35006F8499 /* BuildingListsAndNavigation */,
				04C7D8AD29E8EB4F006F8499 /* CreatingAndCombiningViews */,
				04C7D88029E8E7BD006F8499 /* 0706012110014-DevanoAnggara-AFL3 */,
				04C7D89129E8E7C0006F8499 /* 0706012110014-DevanoAnggara-AFL3Tests */,
				04C7D89B29E8E7C0006F8499 /* 0706012110014-DevanoAnggara-AFL3UITests */,
				04C7D87F29E8E7BD006F8499 /* Products */,
			);
			sourceTree = "<group>";
		};
		04C7D87F29E8E7BD006F8499 /* Products */ = {
			isa = PBXGroup;
			children = (
				04C7D87E29E8E7BD006F8499 /* 0706012110014-DevanoAnggara-AFL3.app */,
				04C7D88E29E8E7C0006F8499 /* 0706012110014-DevanoAnggara-AFL3Tests.xctest */,
				04C7D89829E8E7C0006F8499 /* 0706012110014-DevanoAnggara-AFL3UITests.xctest */,
			);
			name = Products;
			sourceTree = "<group>";
		};
		04C7D88029E8E7BD006F8499 /* 0706012110014-DevanoAnggara-AFL3 */ = {
			isa = PBXGroup;
			children = (
				04C7D8C629E8F199006F8499 /* Resources */,
				04C7D88129E8E7BD006F8499 /* _706012110014_DevanoAnggara_AFL3App.swift */,
				04C7D88529E8E7C0006F8499 /* Assets.xcassets */,
				04C7D8C429E8F133006F8499 /* Views */,
				04C7D88729E8E7C0006F8499 /* Preview Content */,
				04C7D8C529E8F166006F8499 /* Model */,
			);
			path = "0706012110014-DevanoAnggara-AFL3";
			sourceTree = "<group>";
		};
		04C7D88729E8E7C0006F8499 /* Preview Content */ = {
			isa = PBXGroup;
			children = (
				04C7D88829E8E7C0006F8499 /* Preview Assets.xcassets */,
			);
			path = "Preview Content";
			sourceTree = "<group>";
		};
		04C7D89129E8E7C0006F8499 /* 0706012110014-DevanoAnggara-AFL3Tests */ = {
			isa = PBXGroup;
			children = (
				04C7D89229E8E7C0006F8499 /* _706012110014_DevanoAnggara_AFL3Tests.swift */,
			);
			path = "0706012110014-DevanoAnggara-AFL3Tests";
			sourceTree = "<group>";
		};
		04C7D89B29E8E7C0006F8499 /* 0706012110014-DevanoAnggara-AFL3UITests */ = {
			isa = PBXGroup;
			children = (
				04C7D89C29E8E7C0006F8499 /* _706012110014_DevanoAnggara_AFL3UITests.swift */,
				04C7D89E29E8E7C0006F8499 /* _706012110014_DevanoAnggara_AFL3UITestsLaunchTests.swift */,
			);
			path = "0706012110014-DevanoAnggara-AFL3UITests";
			sourceTree = "<group>";
		};
		04C7D8C429E8F133006F8499 /* Views */ = {
			isa = PBXGroup;
			children = (
				043728F329FAA390004C44C6 /* PageView */,
				043728E829FA98AD004C44C6 /* Profiles */,
				04EEC2B229FA7CBD004DE24D /* Hikes */,
				04C7D8F529E901EC006F8499 /* Badges */,
				04C7D88329E8E7BD006F8499 /* ContentView.swift */,
				04C7D8D329E8FAEF006F8499 /* Landmark */,
				04C7D8D429E8FB19006F8499 /* Helpers */,
				043728E529FA97C5004C44C6 /* Category */,
				043728F629FAA45D004C44C6 /* FeatureCard.swift */,
			);
			path = Views;
			sourceTree = "<group>";
		};
		04C7D8C529E8F166006F8499 /* Model */ = {
			isa = PBXGroup;
			children = (
				04C7D8AB29E8EB32006F8499 /* Landamark.swift */,
				04C7D8C229E8F074006F8499 /* ModelData.swift */,
				04EEC2AA29FA7A51004DE24D /* Hike.swift */,
				043728E629FA97E7004C44C6 /* Profile.swift */,
			);
			path = Model;
			sourceTree = "<group>";
		};
		04C7D8C629E8F199006F8499 /* Resources */ = {
			isa = PBXGroup;
			children = (
				04EEC2BB29FA7D2A004DE24D /* hikeData.json */,
				04C7D8B629E8EF86006F8499 /* landmarkData.json */,
			);
			path = Resources;
			sourceTree = "<group>";
		};
		04C7D8D329E8FAEF006F8499 /* Landmark */ = {
			isa = PBXGroup;
			children = (
				04C7D8CF29E8F416006F8499 /* LandmarkDetail.swift */,
				04C7D8CB29E8F30B006F8499 /* LandmarkList.swift */,
				04C7D8C929E8F226006F8499 /* LandmarkRow.swift */,
			);
			path = Landmark;
			sourceTree = "<group>";
		};
		04C7D8D429E8FB19006F8499 /* Helpers */ = {
			isa = PBXGroup;
			children = (
				04C7D8D129E8FAB1006F8499 /* FavoriteButton.swift */,
				04C7D8B029E8EC70006F8499 /* CircleImge.swift */,
				04C7D8B229E8ECD9006F8499 /* MapView.swift */,
			);
			path = Helpers;
			sourceTree = "<group>";
		};
		04C7D8F529E901EC006F8499 /* Badges */ = {
			isa = PBXGroup;
			children = (
				04C7D8D529E8FE2D006F8499 /* HexagonParameters.swift */,
				04C7D8F129E9017A006F8499 /* RotateBadgeSymbol.swift */,
				04C7D8EF29E90108006F8499 /* BadgeSymbol.swift */,
				04C7D8F329E9019E006F8499 /* Badge.swift */,
				04C7D8D729E8FE9A006F8499 /* BadgeBackground.swift */,
			);
			path = Badges;
			sourceTree = "<group>";
		};
		04EEC2B229FA7CBD004DE24D /* Hikes */ = {
			isa = PBXGroup;
			children = (
				04EEC2B329FA7CBD004DE24D /* GraphCapsule.swift */,
				04EEC2B429FA7CBD004DE24D /* HikeGraph.swift */,
				04EEC2B529FA7CBD004DE24D /* HikeDetail.swift */,
				04EEC2B629FA7CBD004DE24D /* HikeView.swift */,
				043728EF29FA99F1004C44C6 /* HikeBadge.swift */,
			);
			name = Hikes;
			path = "../../../../Downloads/AnimatingViewsAndTransitions (1)/Resources/Hikes";
			sourceTree = "<group>";
		};
/* End PBXGroup section */

/* Begin PBXNativeTarget section */
		04C7D87D29E8E7BD006F8499 /* 0706012110014-DevanoAnggara-AFL3 */ = {
			isa = PBXNativeTarget;
			buildConfigurationList = 04C7D8A229E8E7C0006F8499 /* Build configuration list for PBXNativeTarget "0706012110014-DevanoAnggara-AFL3" */;
			buildPhases = (
				04C7D87A29E8E7BD006F8499 /* Sources */,
				04C7D87B29E8E7BD006F8499 /* Frameworks */,
				04C7D87C29E8E7BD006F8499 /* Resources */,
			);
			buildRules = (
			);
			dependencies = (
			);
			name = "0706012110014-DevanoAnggara-AFL3";
			productName = "0706012110014-DevanoAnggara-AFL3";
			productReference = 04C7D87E29E8E7BD006F8499 /* 0706012110014-DevanoAnggara-AFL3.app */;
			productType = "com.apple.product-type.application";
		};
		04C7D88D29E8E7C0006F8499 /* 0706012110014-DevanoAnggara-AFL3Tests */ = {
			isa = PBXNativeTarget;
			buildConfigurationList = 04C7D8A529E8E7C0006F8499 /* Build configuration list for PBXNativeTarget "0706012110014-DevanoAnggara-AFL3Tests" */;
			buildPhases = (
				04C7D88A29E8E7C0006F8499 /* Sources */,
				04C7D88B29E8E7C0006F8499 /* Frameworks */,
				04C7D88C29E8E7C0006F8499 /* Resources */,
			);
			buildRules = (
			);
			dependencies = (
				04C7D89029E8E7C0006F8499 /* PBXTargetDependency */,
			);
			name = "0706012110014-DevanoAnggara-AFL3Tests";
			productName = "0706012110014-DevanoAnggara-AFL3Tests";
			productReference = 04C7D88E29E8E7C0006F8499 /* 0706012110014-DevanoAnggara-AFL3Tests.xctest */;
			productType = "com.apple.product-type.bundle.unit-test";
		};
		04C7D89729E8E7C0006F8499 /* 0706012110014-DevanoAnggara-AFL3UITests */ = {
			isa = PBXNativeTarget;
			buildConfigurationList = 04C7D8A829E8E7C0006F8499 /* Build configuration list for PBXNativeTarget "0706012110014-DevanoAnggara-AFL3UITests" */;
			buildPhases = (
				04C7D89429E8E7C0006F8499 /* Sources */,
				04C7D89529E8E7C0006F8499 /* Frameworks */,
				04C7D89629E8E7C0006F8499 /* Resources */,
			);
			buildRules = (
			);
			dependencies = (
				04C7D89A29E8E7C0006F8499 /* PBXTargetDependency */,
			);
			name = "0706012110014-DevanoAnggara-AFL3UITests";
			productName = "0706012110014-DevanoAnggara-AFL3UITests";
			productReference = 04C7D89829E8E7C0006F8499 /* 0706012110014-DevanoAnggara-AFL3UITests.xctest */;
			productType = "com.apple.product-type.bundle.ui-testing";
		};
/* End PBXNativeTarget section */

/* Begin PBXProject section */
		04C7D87629E8E7BD006F8499 /* Project object */ = {
			isa = PBXProject;
			attributes = {
				BuildIndependentTargetsInParallel = 1;
				LastSwiftUpdateCheck = 1420;
				LastUpgradeCheck = 1420;
				TargetAttributes = {
					04C7D87D29E8E7BD006F8499 = {
						CreatedOnToolsVersion = 14.2;
					};
					04C7D88D29E8E7C0006F8499 = {
						CreatedOnToolsVersion = 14.2;
						TestTargetID = 04C7D87D29E8E7BD006F8499;
					};
					04C7D89729E8E7C0006F8499 = {
						CreatedOnToolsVersion = 14.2;
						TestTargetID = 04C7D87D29E8E7BD006F8499;
					};
				};
			};
			buildConfigurationList = 04C7D87929E8E7BD006F8499 /* Build configuration list for PBXProject "0706012110014-DevanoAnggara-AFL3" */;
			compatibilityVersion = "Xcode 14.0";
			developmentRegion = en;
			hasScannedForEncodings = 0;
			knownRegions = (
				en,
				Base,
			);
			mainGroup = 04C7D87529E8E7BD006F8499;
			productRefGroup = 04C7D87F29E8E7BD006F8499 /* Products */;
			projectDirPath = "";
			projectRoot = "";
			targets = (
				04C7D87D29E8E7BD006F8499 /* 0706012110014-DevanoAnggara-AFL3 */,
				04C7D88D29E8E7C0006F8499 /* 0706012110014-DevanoAnggara-AFL3Tests */,
				04C7D89729E8E7C0006F8499 /* 0706012110014-DevanoAnggara-AFL3UITests */,
			);
		};
/* End PBXProject section */

/* Begin PBXResourcesBuildPhase section */
		04C7D87C29E8E7BD006F8499 /* Resources */ = {
			isa = PBXResourcesBuildPhase;
			buildActionMask = 2147483647;
			files = (
				04C7D88929E8E7C0006F8499 /* Preview Assets.xcassets in Resources */,
				04C7D88629E8E7C0006F8499 /* Assets.xcassets in Resources */,
				04C7D8B529E8EF35006F8499 /* BuildingListsAndNavigation in Resources */,
				04C7D8B729E8EF86006F8499 /* landmarkData.json in Resources */,
				04C7D8EE29E9005E006F8499 /* DrawingPathsAndShapes 2 in Resources */,
				04EEC2BC29FA7D2A004DE24D /* hikeData.json in Resources */,
				04C7D8AE29E8EB4F006F8499 /* CreatingAndCombiningViews in Resources */,
			);
			runOnlyForDeploymentPostprocessing = 0;
		};
		04C7D88C29E8E7C0006F8499 /* Resources */ = {
			isa = PBXResourcesBuildPhase;
			buildActionMask = 2147483647;
			files = (
			);
			runOnlyForDeploymentPostprocessing = 0;
		};
		04C7D89629E8E7C0006F8499 /* Resources */ = {
			isa = PBXResourcesBuildPhase;
			buildActionMask = 2147483647;
			files = (
			);
			runOnlyForDeploymentPostprocessing = 0;
		};
/* End PBXResourcesBuildPhase section */

/* Begin PBXSourcesBuildPhase section */
		04C7D87A29E8E7BD006F8499 /* Sources */ = {
			isa = PBXSourcesBuildPhase;
			buildActionMask = 2147483647;
			files = (
				043728E229FA8BD2004C44C6 /* CategoryRow.swift in Sources */,
				043728E729FA97E7004C44C6 /* Profile.swift in Sources */,
				04C7D88429E8E7BD006F8499 /* ContentView.swift in Sources */,
				043728E029FA89DA004C44C6 /* CategoryHome.swift in Sources */,
				043728F729FAA45D004C44C6 /* FeatureCard.swift in Sources */,
				04EEC2B829FA7CBD004DE24D /* HikeGraph.swift in Sources */,
				04C7D8F429E9019E006F8499 /* Badge.swift in Sources */,
				04C7D8AC29E8EB32006F8499 /* Landamark.swift in Sources */,
				04EEC2B729FA7CBD004DE24D /* GraphCapsule.swift in Sources */,
				04C7D8F229E9017A006F8499 /* RotateBadgeSymbol.swift in Sources */,
				043728FB29FAA64F004C44C6 /* PageControl.swift in Sources */,
				04C7D8B329E8ECD9006F8499 /* MapView.swift in Sources */,
				043728E429FA8F18004C44C6 /* CategoryItem.swift in Sources */,
				04EEC2B929FA7CBD004DE24D /* HikeDetail.swift in Sources */,
				043728EC29FA997E004C44C6 /* ProfileSummary.swift in Sources */,
				04C7D8D229E8FAB1006F8499 /* FavoriteButton.swift in Sources */,
				043728EA29FA98C8004C44C6 /* ProfileHost.swift in Sources */,
				04EEC2AB29FA7A51004DE24D /* Hike.swift in Sources */,
				04C7D8D629E8FE2D006F8499 /* HexagonParameters.swift in Sources */,
				043728F929FAA497004C44C6 /* PageView.swift in Sources */,
				04C7D8F029E90108006F8499 /* BadgeSymbol.swift in Sources */,
				043728F229FAA0FC004C44C6 /* ProfileEditor.swift in Sources */,
				04C7D8CC29E8F30B006F8499 /* LandmarkList.swift in Sources */,
				04EEC2BA29FA7CBD004DE24D /* HikeView.swift in Sources */,
				04C7D8D029E8F416006F8499 /* LandmarkDetail.swift in Sources */,
				043728F529FAA3AF004C44C6 /* PageViewController.swift in Sources */,
				04C7D8D829E8FE9A006F8499 /* BadgeBackground.swift in Sources */,
				043728F029FA99F1004C44C6 /* HikeBadge.swift in Sources */,
				04C7D88229E8E7BD006F8499 /* _706012110014_DevanoAnggara_AFL3App.swift in Sources */,
				04C7D8B129E8EC70006F8499 /* CircleImge.swift in Sources */,
				04C7D8CA29E8F226006F8499 /* LandmarkRow.swift in Sources */,
				04C7D8C329E8F074006F8499 /* ModelData.swift in Sources */,
			);
			runOnlyForDeploymentPostprocessing = 0;
		};
		04C7D88A29E8E7C0006F8499 /* Sources */ = {
			isa = PBXSourcesBuildPhase;
			buildActionMask = 2147483647;
			files = (
				04C7D89329E8E7C0006F8499 /* _706012110014_DevanoAnggara_AFL3Tests.swift in Sources */,
			);
			runOnlyForDeploymentPostprocessing = 0;
		};
		04C7D89429E8E7C0006F8499 /* Sources */ = {
			isa = PBXSourcesBuildPhase;
			buildActionMask = 2147483647;
			files = (
				04C7D89F29E8E7C0006F8499 /* _706012110014_DevanoAnggara_AFL3UITestsLaunchTests.swift in Sources */,
				04C7D89D29E8E7C0006F8499 /* _706012110014_DevanoAnggara_AFL3UITests.swift in Sources */,
			);
			runOnlyForDeploymentPostprocessing = 0;
		};
/* End PBXSourcesBuildPhase section */

/* Begin PBXTargetDependency section */
		04C7D89029E8E7C0006F8499 /* PBXTargetDependency */ = {
			isa = PBXTargetDependency;
			target = 04C7D87D29E8E7BD006F8499 /* 0706012110014-DevanoAnggara-AFL3 */;
			targetProxy = 04C7D88F29E8E7C0006F8499 /* PBXContainerItemProxy */;
		};
		04C7D89A29E8E7C0006F8499 /* PBXTargetDependency */ = {
			isa = PBXTargetDependency;
			target = 04C7D87D29E8E7BD006F8499 /* 0706012110014-DevanoAnggara-AFL3 */;
			targetProxy = 04C7D89929E8E7C0006F8499 /* PBXContainerItemProxy */;
		};
/* End PBXTargetDependency section */

/* Begin XCBuildConfiguration section */
		04C7D8A029E8E7C0006F8499 /* Debug */ = {
			isa = XCBuildConfiguration;
			buildSettings = {
				ALWAYS_SEARCH_USER_PATHS = NO;
				CLANG_ANALYZER_NONNULL = YES;
				CLANG_ANALYZER_NUMBER_OBJECT_CONVERSION = YES_AGGRESSIVE;
				CLANG_CXX_LANGUAGE_STANDARD = "gnu++20";
				CLANG_ENABLE_MODULES = YES;
				CLANG_ENABLE_OBJC_ARC = YES;
				CLANG_ENABLE_OBJC_WEAK = YES;
				CLANG_WARN_BLOCK_CAPTURE_AUTORELEASING = YES;
				CLANG_WARN_BOOL_CONVERSION = YES;
				CLANG_WARN_COMMA = YES;
				CLANG_WARN_CONSTANT_CONVERSION = YES;
				CLANG_WARN_DEPRECATED_OBJC_IMPLEMENTATIONS = YES;
				CLANG_WARN_DIRECT_OBJC_ISA_USAGE = YES_ERROR;
				CLANG_WARN_DOCUMENTATION_COMMENTS = YES;
				CLANG_WARN_EMPTY_BODY = YES;
				CLANG_WARN_ENUM_CONVERSION = YES;
				CLANG_WARN_INFINITE_RECURSION = YES;
				CLANG_WARN_INT_CONVERSION = YES;
				CLANG_WARN_NON_LITERAL_NULL_CONVERSION = YES;
				CLANG_WARN_OBJC_IMPLICIT_RETAIN_SELF = YES;
				CLANG_WARN_OBJC_LITERAL_CONVERSION = YES;
				CLANG_WARN_OBJC_ROOT_CLASS = YES_ERROR;
				CLANG_WARN_QUOTED_INCLUDE_IN_FRAMEWORK_HEADER = YES;
				CLANG_WARN_RANGE_LOOP_ANALYSIS = YES;
				CLANG_WARN_STRICT_PROTOTYPES = YES;
				CLANG_WARN_SUSPICIOUS_MOVE = YES;
				CLANG_WARN_UNGUARDED_AVAILABILITY = YES_AGGRESSIVE;
				CLANG_WARN_UNREACHABLE_CODE = YES;
				CLANG_WARN__DUPLICATE_METHOD_MATCH = YES;
				COPY_PHASE_STRIP = NO;
				DEBUG_INFORMATION_FORMAT = dwarf;
				ENABLE_STRICT_OBJC_MSGSEND = YES;
				ENABLE_TESTABILITY = YES;
				GCC_C_LANGUAGE_STANDARD = gnu11;
				GCC_DYNAMIC_NO_PIC = NO;
				GCC_NO_COMMON_BLOCKS = YES;
				GCC_OPTIMIZATION_LEVEL = 0;
				GCC_PREPROCESSOR_DEFINITIONS = (
					"DEBUG=1",
					"$(inherited)",
				);
				GCC_WARN_64_TO_32_BIT_CONVERSION = YES;
				GCC_WARN_ABOUT_RETURN_TYPE = YES_ERROR;
				GCC_WARN_UNDECLARED_SELECTOR = YES;
				GCC_WARN_UNINITIALIZED_AUTOS = YES_AGGRESSIVE;
				GCC_WARN_UNUSED_FUNCTION = YES;
				GCC_WARN_UNUSED_VARIABLE = YES;
				IPHONEOS_DEPLOYMENT_TARGET = 16.2;
				MTL_ENABLE_DEBUG_INFO = INCLUDE_SOURCE;
				MTL_FAST_MATH = YES;
				ONLY_ACTIVE_ARCH = YES;
				SDKROOT = iphoneos;
				SWIFT_ACTIVE_COMPILATION_CONDITIONS = DEBUG;
				SWIFT_OPTIMIZATION_LEVEL = "-Onone";
			};
			name = Debug;
		};
		04C7D8A129E8E7C0006F8499 /* Release */ = {
			isa = XCBuildConfiguration;
			buildSettings = {
				ALWAYS_SEARCH_USER_PATHS = NO;
				CLANG_ANALYZER_NONNULL = YES;
				CLANG_ANALYZER_NUMBER_OBJECT_CONVERSION = YES_AGGRESSIVE;
				CLANG_CXX_LANGUAGE_STANDARD = "gnu++20";
				CLANG_ENABLE_MODULES = YES;
				CLANG_ENABLE_OBJC_ARC = YES;
				CLANG_ENABLE_OBJC_WEAK = YES;
				CLANG_WARN_BLOCK_CAPTURE_AUTORELEASING = YES;
				CLANG_WARN_BOOL_CONVERSION = YES;
				CLANG_WARN_COMMA = YES;
				CLANG_WARN_CONSTANT_CONVERSION = YES;
				CLANG_WARN_DEPRECATED_OBJC_IMPLEMENTATIONS = YES;
				CLANG_WARN_DIRECT_OBJC_ISA_USAGE = YES_ERROR;
				CLANG_WARN_DOCUMENTATION_COMMENTS = YES;
				CLANG_WARN_EMPTY_BODY = YES;
				CLANG_WARN_ENUM_CONVERSION = YES;
				CLANG_WARN_INFINITE_RECURSION = YES;
				CLANG_WARN_INT_CONVERSION = YES;
				CLANG_WARN_NON_LITERAL_NULL_CONVERSION = YES;
				CLANG_WARN_OBJC_IMPLICIT_RETAIN_SELF = YES;
				CLANG_WARN_OBJC_LITERAL_CONVERSION = YES;
				CLANG_WARN_OBJC_ROOT_CLASS = YES_ERROR;
				CLANG_WARN_QUOTED_INCLUDE_IN_FRAMEWORK_HEADER = YES;
				CLANG_WARN_RANGE_LOOP_ANALYSIS = YES;
				CLANG_WARN_STRICT_PROTOTYPES = YES;
				CLANG_WARN_SUSPICIOUS_MOVE = YES;
				CLANG_WARN_UNGUARDED_AVAILABILITY = YES_AGGRESSIVE;
				CLANG_WARN_UNREACHABLE_CODE = YES;
				CLANG_WARN__DUPLICATE_METHOD_MATCH = YES;
				COPY_PHASE_STRIP = NO;
				DEBUG_INFORMATION_FORMAT = "dwarf-with-dsym";
				ENABLE_NS_ASSERTIONS = NO;
				ENABLE_STRICT_OBJC_MSGSEND = YES;
				GCC_C_LANGUAGE_STANDARD = gnu11;
				GCC_NO_COMMON_BLOCKS = YES;
				GCC_WARN_64_TO_32_BIT_CONVERSION = YES;
				GCC_WARN_ABOUT_RETURN_TYPE = YES_ERROR;
				GCC_WARN_UNDECLARED_SELECTOR = YES;
				GCC_WARN_UNINITIALIZED_AUTOS = YES_AGGRESSIVE;
				GCC_WARN_UNUSED_FUNCTION = YES;
				GCC_WARN_UNUSED_VARIABLE = YES;
				IPHONEOS_DEPLOYMENT_TARGET = 16.2;
				MTL_ENABLE_DEBUG_INFO = NO;
				MTL_FAST_MATH = YES;
				SDKROOT = iphoneos;
				SWIFT_COMPILATION_MODE = wholemodule;
				SWIFT_OPTIMIZATION_LEVEL = "-O";
				VALIDATE_PRODUCT = YES;
			};
			name = Release;
		};
		04C7D8A329E8E7C0006F8499 /* Debug */ = {
			isa = XCBuildConfiguration;
			buildSettings = {
				ASSETCATALOG_COMPILER_APPICON_NAME = AppIcon;
				ASSETCATALOG_COMPILER_GLOBAL_ACCENT_COLOR_NAME = AccentColor;
				CODE_SIGN_STYLE = Automatic;
				CURRENT_PROJECT_VERSION = 1;
				DEVELOPMENT_ASSET_PATHS = "\"0706012110014-DevanoAnggara-AFL3/Preview Content\"";
				DEVELOPMENT_TEAM = L57KGB7W33;
				ENABLE_PREVIEWS = YES;
				GENERATE_INFOPLIST_FILE = YES;
				INFOPLIST_KEY_UIApplicationSceneManifest_Generation = YES;
				INFOPLIST_KEY_UIApplicationSupportsIndirectInputEvents = YES;
				INFOPLIST_KEY_UILaunchScreen_Generation = YES;
				INFOPLIST_KEY_UISupportedInterfaceOrientations_iPad = "UIInterfaceOrientationPortrait UIInterfaceOrientationPortraitUpsideDown UIInterfaceOrientationLandscapeLeft UIInterfaceOrientationLandscapeRight";
				INFOPLIST_KEY_UISupportedInterfaceOrientations_iPhone = "UIInterfaceOrientationPortrait UIInterfaceOrientationLandscapeLeft UIInterfaceOrientationLandscapeRight";
				LD_RUNPATH_SEARCH_PATHS = (
					"$(inherited)",
					"@executable_path/Frameworks",
				);
				MARKETING_VERSION = 1.0;
				PRODUCT_BUNDLE_IDENTIFIER = "com.devanoivn.afl1.-706012110014-DevanoAnggara-AFL3";
				PRODUCT_NAME = "$(TARGET_NAME)";
				SWIFT_EMIT_LOC_STRINGS = YES;
				SWIFT_VERSION = 5.0;
				TARGETED_DEVICE_FAMILY = "1,2";
			};
			name = Debug;
		};
		04C7D8A429E8E7C0006F8499 /* Release */ = {
			isa = XCBuildConfiguration;
			buildSettings = {
				ASSETCATALOG_COMPILER_APPICON_NAME = AppIcon;
				ASSETCATALOG_COMPILER_GLOBAL_ACCENT_COLOR_NAME = AccentColor;
				CODE_SIGN_STYLE = Automatic;
				CURRENT_PROJECT_VERSION = 1;
				DEVELOPMENT_ASSET_PATHS = "\"0706012110014-DevanoAnggara-AFL3/Preview Content\"";
				DEVELOPMENT_TEAM = L57KGB7W33;
				ENABLE_PREVIEWS = YES;
				GENERATE_INFOPLIST_FILE = YES;
				INFOPLIST_KEY_UIApplicationSceneManifest_Generation = YES;
				INFOPLIST_KEY_UIApplicationSupportsIndirectInputEvents = YES;
				INFOPLIST_KEY_UILaunchScreen_Generation = YES;
				INFOPLIST_KEY_UISupportedInterfaceOrientations_iPad = "UIInterfaceOrientationPortrait UIInterfaceOrientationPortraitUpsideDown UIInterfaceOrientationLandscapeLeft UIInterfaceOrientationLandscapeRight";
				INFOPLIST_KEY_UISupportedInterfaceOrientations_iPhone = "UIInterfaceOrientationPortrait UIInterfaceOrientationLandscapeLeft UIInterfaceOrientationLandscapeRight";
				LD_RUNPATH_SEARCH_PATHS = (
					"$(inherited)",
					"@executable_path/Frameworks",
				);
				MARKETING_VERSION = 1.0;
				PRODUCT_BUNDLE_IDENTIFIER = "com.devanoivn.afl1.-706012110014-DevanoAnggara-AFL3";
				PRODUCT_NAME = "$(TARGET_NAME)";
				SWIFT_EMIT_LOC_STRINGS = YES;
				SWIFT_VERSION = 5.0;
				TARGETED_DEVICE_FAMILY = "1,2";
			};
			name = Release;
		};
		04C7D8A629E8E7C0006F8499 /* Debug */ = {
			isa = XCBuildConfiguration;
			buildSettings = {
				ALWAYS_EMBED_SWIFT_STANDARD_LIBRARIES = YES;
				BUNDLE_LOADER = "$(TEST_HOST)";
				CODE_SIGN_STYLE = Automatic;
				CURRENT_PROJECT_VERSION = 1;
				DEVELOPMENT_TEAM = L57KGB7W33;
				GENERATE_INFOPLIST_FILE = YES;
				IPHONEOS_DEPLOYMENT_TARGET = 16.2;
				MARKETING_VERSION = 1.0;
				PRODUCT_BUNDLE_IDENTIFIER = "com.devanoivn.afl1.-706012110014-DevanoAnggara-AFL3Tests";
				PRODUCT_NAME = "$(TARGET_NAME)";
				SWIFT_EMIT_LOC_STRINGS = NO;
				SWIFT_VERSION = 5.0;
				TARGETED_DEVICE_FAMILY = "1,2";
				TEST_HOST = "$(BUILT_PRODUCTS_DIR)/0706012110014-DevanoAnggara-AFL3.app/$(BUNDLE_EXECUTABLE_FOLDER_PATH)/0706012110014-DevanoAnggara-AFL3";
			};
			name = Debug;
		};
		04C7D8A729E8E7C0006F8499 /* Release */ = {
			isa = XCBuildConfiguration;
			buildSettings = {
				ALWAYS_EMBED_SWIFT_STANDARD_LIBRARIES = YES;
				BUNDLE_LOADER = "$(TEST_HOST)";
				CODE_SIGN_STYLE = Automatic;
				CURRENT_PROJECT_VERSION = 1;
				DEVELOPMENT_TEAM = L57KGB7W33;
				GENERATE_INFOPLIST_FILE = YES;
				IPHONEOS_DEPLOYMENT_TARGET = 16.2;
				MARKETING_VERSION = 1.0;
				PRODUCT_BUNDLE_IDENTIFIER = "com.devanoivn.afl1.-706012110014-DevanoAnggara-AFL3Tests";
				PRODUCT_NAME = "$(TARGET_NAME)";
				SWIFT_EMIT_LOC_STRINGS = NO;
				SWIFT_VERSION = 5.0;
				TARGETED_DEVICE_FAMILY = "1,2";
				TEST_HOST = "$(BUILT_PRODUCTS_DIR)/0706012110014-DevanoAnggara-AFL3.app/$(BUNDLE_EXECUTABLE_FOLDER_PATH)/0706012110014-DevanoAnggara-AFL3";
			};
			name = Release;
		};
		04C7D8A929E8E7C0006F8499 /* Debug */ = {
			isa = XCBuildConfiguration;
			buildSettings = {
				ALWAYS_EMBED_SWIFT_STANDARD_LIBRARIES = YES;
				CODE_SIGN_STYLE = Automatic;
				CURRENT_PROJECT_VERSION = 1;
				DEVELOPMENT_TEAM = L57KGB7W33;
				GENERATE_INFOPLIST_FILE = YES;
				MARKETING_VERSION = 1.0;
				PRODUCT_BUNDLE_IDENTIFIER = "com.devanoivn.afl1.-706012110014-DevanoAnggara-AFL3UITests";
				PRODUCT_NAME = "$(TARGET_NAME)";
				SWIFT_EMIT_LOC_STRINGS = NO;
				SWIFT_VERSION = 5.0;
				TARGETED_DEVICE_FAMILY = "1,2";
				TEST_TARGET_NAME = "0706012110014-DevanoAnggara-AFL3";
			};
			name = Debug;
		};
		04C7D8AA29E8E7C0006F8499 /* Release */ = {
			isa = XCBuildConfiguration;
			buildSettings = {
				ALWAYS_EMBED_SWIFT_STANDARD_LIBRARIES = YES;
				CODE_SIGN_STYLE = Automatic;
				CURRENT_PROJECT_VERSION = 1;
				DEVELOPMENT_TEAM = L57KGB7W33;
				GENERATE_INFOPLIST_FILE = YES;
				MARKETING_VERSION = 1.0;
				PRODUCT_BUNDLE_IDENTIFIER = "com.devanoivn.afl1.-706012110014-DevanoAnggara-AFL3UITests";
				PRODUCT_NAME = "$(TARGET_NAME)";
				SWIFT_EMIT_LOC_STRINGS = NO;
				SWIFT_VERSION = 5.0;
				TARGETED_DEVICE_FAMILY = "1,2";
				TEST_TARGET_NAME = "0706012110014-DevanoAnggara-AFL3";
			};
			name = Release;
		};
/* End XCBuildConfiguration section */

/* Begin XCConfigurationList section */
		04C7D87929E8E7BD006F8499 /* Build configuration list for PBXProject "0706012110014-DevanoAnggara-AFL3" */ = {
			isa = XCConfigurationList;
			buildConfigurations = (
				04C7D8A029E8E7C0006F8499 /* Debug */,
				04C7D8A129E8E7C0006F8499 /* Release */,
			);
			defaultConfigurationIsVisible = 0;
			defaultConfigurationName = Release;
		};
		04C7D8A229E8E7C0006F8499 /* Build configuration list for PBXNativeTarget "0706012110014-DevanoAnggara-AFL3" */ = {
			isa = XCConfigurationList;
			buildConfigurations = (
				04C7D8A329E8E7C0006F8499 /* Debug */,
				04C7D8A429E8E7C0006F8499 /* Release */,
			);
			defaultConfigurationIsVisible = 0;
			defaultConfigurationName = Release;
		};
		04C7D8A529E8E7C0006F8499 /* Build configuration list for PBXNativeTarget "0706012110014-DevanoAnggara-AFL3Tests" */ = {
			isa = XCConfigurationList;
			buildConfigurations = (
				04C7D8A629E8E7C0006F8499 /* Debug */,
				04C7D8A729E8E7C0006F8499 /* Release */,
			);
			defaultConfigurationIsVisible = 0;
			defaultConfigurationName = Release;
		};
		04C7D8A829E8E7C0006F8499 /* Build configuration list for PBXNativeTarget "0706012110014-DevanoAnggara-AFL3UITests" */ = {
			isa = XCConfigurationList;
			buildConfigurations = (
				04C7D8A929E8E7C0006F8499 /* Debug */,
				04C7D8AA29E8E7C0006F8499 /* Release */,
			);
			defaultConfigurationIsVisible = 0;
			defaultConfigurationName = Release;
		};
/* End XCConfigurationList section */
	};
	rootObject = 04C7D87629E8E7BD006F8499 /* Project object */;
}
